
Microsoft Visual Studio Solution File, Format Version 12.00
Project("{2150E333-8FDC-42A3-9474-1A3956D46DE8}") = "DocIt.Shared", "DocIt.Shared", "{A2C03BAC-932F-47C0-A8B5-9F17F7B7E31F}"
EndProject
Project("{2150E333-8FDC-42A3-9474-1A3956D46DE8}") = "DocIt.UserManagmentMicroservice", "DocIt.UserManagmentMicroservice", "{A927138B-410C-48CE-8BDD-1A96AC25EFA8}"
EndProject
Project("{2150E333-8FDC-42A3-9474-1A3956D46DE8}") = "DocIt.TaskMicroservice", "DocIt.TaskMicroservice", "{CA52EF30-AE51-408E-AB39-A874C1B72776}"
EndProject
Project("{2150E333-8FDC-42A3-9474-1A3956D46DE8}") = "DocIt.HumanResoursesMicroservice", "DocIt.HumanResoursesMicroservice", "{E52F4FDD-3009-4D54-9B6F-44F01335D32C}"
EndProject
Project("{FAE04EC0-301F-11D3-BF4B-00C04F79EFBC}") = "HumanResourses.Api", "src\DocIt.HumanResoursesMicroservice\HumanResourses.Api\HumanResourses.Api.csproj", "{CAF427D4-9440-458D-A62B-AE1CDCA627A8}"
EndProject
Project("{FAE04EC0-301F-11D3-BF4B-00C04F79EFBC}") = "Task.Api", "src\DocIt.TaskMicroservice\Task.Api\Task.Api.csproj", "{729D1BB0-8AD1-47A1-A407-40E3FCC4250B}"
EndProject
Project("{FAE04EC0-301F-11D3-BF4B-00C04F79EFBC}") = "UserManagment.Api", "src\DocIt.UserManagmentMicroservice\UserManagment.Api\UserManagment.Api.csproj", "{4FB94CFF-2222-48FF-BB58-EC629E090B14}"
EndProject
Global
	GlobalSection(SolutionConfigurationPlatforms) = preSolution
		Debug|Any CPU = Debug|Any CPU
		Release|Any CPU = Release|Any CPU
	EndGlobalSection
	GlobalSection(NestedProjects) = preSolution
		{CAF427D4-9440-458D-A62B-AE1CDCA627A8} = {E52F4FDD-3009-4D54-9B6F-44F01335D32C}
		{729D1BB0-8AD1-47A1-A407-40E3FCC4250B} = {CA52EF30-AE51-408E-AB39-A874C1B72776}
		{4FB94CFF-2222-48FF-BB58-EC629E090B14} = {A927138B-410C-48CE-8BDD-1A96AC25EFA8}
	EndGlobalSection
	GlobalSection(ProjectConfigurationPlatforms) = postSolution
		{CAF427D4-9440-458D-A62B-AE1CDCA627A8}.Debug|Any CPU.ActiveCfg = Debug|Any CPU
		{CAF427D4-9440-458D-A62B-AE1CDCA627A8}.Debug|Any CPU.Build.0 = Debug|Any CPU
		{CAF427D4-9440-458D-A62B-AE1CDCA627A8}.Release|Any CPU.ActiveCfg = Release|Any CPU
		{CAF427D4-9440-458D-A62B-AE1CDCA627A8}.Release|Any CPU.Build.0 = Release|Any CPU
		{729D1BB0-8AD1-47A1-A407-40E3FCC4250B}.Debug|Any CPU.ActiveCfg = Debug|Any CPU
		{729D1BB0-8AD1-47A1-A407-40E3FCC4250B}.Debug|Any CPU.Build.0 = Debug|Any CPU
		{729D1BB0-8AD1-47A1-A407-40E3FCC4250B}.Release|Any CPU.ActiveCfg = Release|Any CPU
		{729D1BB0-8AD1-47A1-A407-40E3FCC4250B}.Release|Any CPU.Build.0 = Release|Any CPU
		{4FB94CFF-2222-48FF-BB58-EC629E090B14}.Debug|Any CPU.ActiveCfg = Debug|Any CPU
		{4FB94CFF-2222-48FF-BB58-EC629E090B14}.Debug|Any CPU.Build.0 = Debug|Any CPU
		{4FB94CFF-2222-48FF-BB58-EC629E090B14}.Release|Any CPU.ActiveCfg = Release|Any CPU
		{4FB94CFF-2222-48FF-BB58-EC629E090B14}.Release|Any CPU.Build.0 = Release|Any CPU
	EndGlobalSection
EndGlobal
